
Microsoft Visual Studio Solution File, Format Version 12.00
# Visual Studio 15
VisualStudioVersion = 15.0.27703.2042
MinimumVisualStudioVersion = 10.0.40219.1
Project("{FAE04EC0-301F-11D3-BF4B-00C04F79EFBC}") = "BLL", "BLL\BLL.csproj", "{7A522DCA-9EE7-4868-821E-634295581F4B}"
EndProject
Project("{FAE04EC0-301F-11D3-BF4B-00C04F79EFBC}") = "BLL.Interfaces", "BLL.Interfaces\BLL.Interfaces.csproj", "{8D758E9E-55B6-4A01-85B9-77665A7EC3CB}"
EndProject
Project("{FAE04EC0-301F-11D3-BF4B-00C04F79EFBC}") = "DAL", "DAL\DAL.csproj", "{1F3E15B3-4E3D-4324-B77E-A6C3F69C89D9}"
EndProject
Project("{FAE04EC0-301F-11D3-BF4B-00C04F79EFBC}") = "DAL.Interfaces", "DAL.Interfaces\DAL.Interfaces.csproj", "{479215C0-825F-4245-A9C2-CA3839624D40}"
EndProject
Project("{FAE04EC0-301F-11D3-BF4B-00C04F79EFBC}") = "ORM", "ORM\ORM.csproj", "{DD53CE47-26B4-4163-9DA2-1547925EE238}"
EndProject
Project("{FAE04EC0-301F-11D3-BF4B-00C04F79EFBC}") = "DependencyResolver", "DependencyResolver\DependencyResolver.csproj", "{717A5595-9BA3-43F7-92C3-651F2CB5AC4F}"
EndProject
Global
	GlobalSection(SolutionConfigurationPlatforms) = preSolution
		Debug|Any CPU = Debug|Any CPU
		Release|Any CPU = Release|Any CPU
	EndGlobalSection
	GlobalSection(ProjectConfigurationPlatforms) = postSolution
		{7A522DCA-9EE7-4868-821E-634295581F4B}.Debug|Any CPU.ActiveCfg = Debug|Any CPU
		{7A522DCA-9EE7-4868-821E-634295581F4B}.Debug|Any CPU.Build.0 = Debug|Any CPU
		{7A522DCA-9EE7-4868-821E-634295581F4B}.Release|Any CPU.ActiveCfg = Release|Any CPU
		{7A522DCA-9EE7-4868-821E-634295581F4B}.Release|Any CPU.Build.0 = Release|Any CPU
		{8D758E9E-55B6-4A01-85B9-77665A7EC3CB}.Debug|Any CPU.ActiveCfg = Debug|Any CPU
		{8D758E9E-55B6-4A01-85B9-77665A7EC3CB}.Debug|Any CPU.Build.0 = Debug|Any CPU
		{8D758E9E-55B6-4A01-85B9-77665A7EC3CB}.Release|Any CPU.ActiveCfg = Release|Any CPU
		{8D758E9E-55B6-4A01-85B9-77665A7EC3CB}.Release|Any CPU.Build.0 = Release|Any CPU
		{1F3E15B3-4E3D-4324-B77E-A6C3F69C89D9}.Debug|Any CPU.ActiveCfg = Debug|Any CPU
		{1F3E15B3-4E3D-4324-B77E-A6C3F69C89D9}.Debug|Any CPU.Build.0 = Debug|Any CPU
		{1F3E15B3-4E3D-4324-B77E-A6C3F69C89D9}.Release|Any CPU.ActiveCfg = Release|Any CPU
		{1F3E15B3-4E3D-4324-B77E-A6C3F69C89D9}.Release|Any CPU.Build.0 = Release|Any CPU
		{479215C0-825F-4245-A9C2-CA3839624D40}.Debug|Any CPU.ActiveCfg = Debug|Any CPU
		{479215C0-825F-4245-A9C2-CA3839624D40}.Debug|Any CPU.Build.0 = Debug|Any CPU
		{479215C0-825F-4245-A9C2-CA3839624D40}.Release|Any CPU.ActiveCfg = Release|Any CPU
		{479215C0-825F-4245-A9C2-CA3839624D40}.Release|Any CPU.Build.0 = Release|Any CPU
		{DD53CE47-26B4-4163-9DA2-1547925EE238}.Debug|Any CPU.ActiveCfg = Debug|Any CPU
		{DD53CE47-26B4-4163-9DA2-1547925EE238}.Debug|Any CPU.Build.0 = Debug|Any CPU
		{DD53CE47-26B4-4163-9DA2-1547925EE238}.Release|Any CPU.ActiveCfg = Release|Any CPU
		{DD53CE47-26B4-4163-9DA2-1547925EE238}.Release|Any CPU.Build.0 = Release|Any CPU
		{717A5595-9BA3-43F7-92C3-651F2CB5AC4F}.Debug|Any CPU.ActiveCfg = Debug|Any CPU
		{717A5595-9BA3-43F7-92C3-651F2CB5AC4F}.Debug|Any CPU.Build.0 = Debug|Any CPU
		{717A5595-9BA3-43F7-92C3-651F2CB5AC4F}.Release|Any CPU.ActiveCfg = Release|Any CPU
		{717A5595-9BA3-43F7-92C3-651F2CB5AC4F}.Release|Any CPU.Build.0 = Release|Any CPU
	EndGlobalSection
	GlobalSection(SolutionProperties) = preSolution
		HideSolutionNode = FALSE
	EndGlobalSection
	GlobalSection(ExtensibilityGlobals) = postSolution
		SolutionGuid = {404152EF-682D-457E-B0E8-E9DC4CC794E4}
	EndGlobalSection
EndGlobal
